
Microsoft Visual Studio Solution File, Format Version 12.00
# Visual Studio Version 17
VisualStudioVersion = 17.8.34219.65
MinimumVisualStudioVersion = 10.0.40219.1
Project("{2150E333-8FDC-42A3-9474-1A3956D46DE8}") = "FrontEnd", "FrontEnd", "{C6B86AED-CF2B-4B75-9E62-7A72E8074221}"
EndProject
Project("{9A19103F-16F7-4668-BE54-9A1E7A4F7556}") = "Food.Web", "FrontEnd\Food.Web\Food.Web.csproj", "{B2B3C8F2-4EF4-489A-8086-00463762EB1A}"
EndProject
Project("{2150E333-8FDC-42A3-9474-1A3956D46DE8}") = "Services", "Services", "{09C85D0F-43DA-4929-96B2-F9A7073E964A}"
EndProject
Project("{9A19103F-16F7-4668-BE54-9A1E7A4F7556}") = "Food.Services.ProductAPI", "Services\Food.Services.ProductAPI\Food.Services.ProductAPI.csproj", "{5239A3D0-15B9-40CC-91C7-C10C228FEABC}"
EndProject
Project("{9A19103F-16F7-4668-BE54-9A1E7A4F7556}") = "Food.Services.IdentityServer", "Services\Food.Services.IdentityServer\Food.Services.IdentityServer.csproj", "{A98861D7-646D-4982-8A9A-B1040A079EA0}"
EndProject
Project("{9A19103F-16F7-4668-BE54-9A1E7A4F7556}") = "Food.Services.ShoppingCartAPI", "Services\Food.Services.ShoppingCartAPI\Food.Services.ShoppingCartAPI.csproj", "{C30083FC-A57D-4577-A96C-1438C32EA126}"
EndProject
Project("{9A19103F-16F7-4668-BE54-9A1E7A4F7556}") = "Food.Services.CouponAPI", "Services\Food.Services.CouponAPI\Food.Services.CouponAPI.csproj", "{C882A1C7-7435-494F-8381-89EFE1ACFD93}"
EndProject
Project("{2150E333-8FDC-42A3-9474-1A3956D46DE8}") = "Integration", "Integration", "{99885084-4EC4-4C1E-8799-E92E7AA10C68}"
EndProject
Project("{FAE04EC0-301F-11D3-BF4B-00C04F79EFBC}") = "Food.MessageBus", "Integration\Food.MessageBus\Food.MessageBus.csproj", "{11032CC6-5C9A-464D-A5D1-18C1957335AA}"
EndProject
Global
	GlobalSection(SolutionConfigurationPlatforms) = preSolution
		Debug|Any CPU = Debug|Any CPU
		Release|Any CPU = Release|Any CPU
	EndGlobalSection
	GlobalSection(ProjectConfigurationPlatforms) = postSolution
		{B2B3C8F2-4EF4-489A-8086-00463762EB1A}.Debug|Any CPU.ActiveCfg = Debug|Any CPU
		{B2B3C8F2-4EF4-489A-8086-00463762EB1A}.Debug|Any CPU.Build.0 = Debug|Any CPU
		{B2B3C8F2-4EF4-489A-8086-00463762EB1A}.Release|Any CPU.ActiveCfg = Release|Any CPU
		{B2B3C8F2-4EF4-489A-8086-00463762EB1A}.Release|Any CPU.Build.0 = Release|Any CPU
		{5239A3D0-15B9-40CC-91C7-C10C228FEABC}.Debug|Any CPU.ActiveCfg = Debug|Any CPU
		{5239A3D0-15B9-40CC-91C7-C10C228FEABC}.Debug|Any CPU.Build.0 = Debug|Any CPU
		{5239A3D0-15B9-40CC-91C7-C10C228FEABC}.Release|Any CPU.ActiveCfg = Release|Any CPU
		{5239A3D0-15B9-40CC-91C7-C10C228FEABC}.Release|Any CPU.Build.0 = Release|Any CPU
		{A98861D7-646D-4982-8A9A-B1040A079EA0}.Debug|Any CPU.ActiveCfg = Debug|Any CPU
		{A98861D7-646D-4982-8A9A-B1040A079EA0}.Debug|Any CPU.Build.0 = Debug|Any CPU
		{A98861D7-646D-4982-8A9A-B1040A079EA0}.Release|Any CPU.ActiveCfg = Release|Any CPU
		{A98861D7-646D-4982-8A9A-B1040A079EA0}.Release|Any CPU.Build.0 = Release|Any CPU
		{C30083FC-A57D-4577-A96C-1438C32EA126}.Debug|Any CPU.ActiveCfg = Debug|Any CPU
		{C30083FC-A57D-4577-A96C-1438C32EA126}.Debug|Any CPU.Build.0 = Debug|Any CPU
		{C30083FC-A57D-4577-A96C-1438C32EA126}.Release|Any CPU.ActiveCfg = Release|Any CPU
		{C30083FC-A57D-4577-A96C-1438C32EA126}.Release|Any CPU.Build.0 = Release|Any CPU
		{C882A1C7-7435-494F-8381-89EFE1ACFD93}.Debug|Any CPU.ActiveCfg = Debug|Any CPU
		{C882A1C7-7435-494F-8381-89EFE1ACFD93}.Debug|Any CPU.Build.0 = Debug|Any CPU
		{C882A1C7-7435-494F-8381-89EFE1ACFD93}.Release|Any CPU.ActiveCfg = Release|Any CPU
		{C882A1C7-7435-494F-8381-89EFE1ACFD93}.Release|Any CPU.Build.0 = Release|Any CPU
		{11032CC6-5C9A-464D-A5D1-18C1957335AA}.Debug|Any CPU.ActiveCfg = Debug|Any CPU
		{11032CC6-5C9A-464D-A5D1-18C1957335AA}.Debug|Any CPU.Build.0 = Debug|Any CPU
		{11032CC6-5C9A-464D-A5D1-18C1957335AA}.Release|Any CPU.ActiveCfg = Release|Any CPU
		{11032CC6-5C9A-464D-A5D1-18C1957335AA}.Release|Any CPU.Build.0 = Release|Any CPU
	EndGlobalSection
	GlobalSection(SolutionProperties) = preSolution
		HideSolutionNode = FALSE
	EndGlobalSection
	GlobalSection(NestedProjects) = preSolution
		{B2B3C8F2-4EF4-489A-8086-00463762EB1A} = {C6B86AED-CF2B-4B75-9E62-7A72E8074221}
		{5239A3D0-15B9-40CC-91C7-C10C228FEABC} = {09C85D0F-43DA-4929-96B2-F9A7073E964A}
		{A98861D7-646D-4982-8A9A-B1040A079EA0} = {09C85D0F-43DA-4929-96B2-F9A7073E964A}
		{C30083FC-A57D-4577-A96C-1438C32EA126} = {09C85D0F-43DA-4929-96B2-F9A7073E964A}
		{C882A1C7-7435-494F-8381-89EFE1ACFD93} = {09C85D0F-43DA-4929-96B2-F9A7073E964A}
		{11032CC6-5C9A-464D-A5D1-18C1957335AA} = {99885084-4EC4-4C1E-8799-E92E7AA10C68}
	EndGlobalSection
	GlobalSection(ExtensibilityGlobals) = postSolution
		SolutionGuid = {21434BBA-F692-4880-B266-E493DBF0F871}
	EndGlobalSection
EndGlobal
